
Microsoft Visual Studio Solution File, Format Version 12.00
# Visual Studio 15
Project("{FAE04EC0-301F-11D3-BF4B-00C04F79EFBC}") = "Assembly-CSharp", "Assembly-CSharp.csproj", "{A160F0AB-E567-B113-35BB-512B101F5732}"
EndProject
Project("{FAE04EC0-301F-11D3-BF4B-00C04F79EFBC}") = "Assembly-CSharp-firstpass", "Assembly-CSharp-firstpass.csproj", "{195F114B-7608-E73B-6392-3A74DE32047B}"
EndProject
Project("{FAE04EC0-301F-11D3-BF4B-00C04F79EFBC}") = "Assembly-CSharp-Editor-firstpass", "Assembly-CSharp-Editor-firstpass.csproj", "{8C8DB0E6-7F92-2038-E334-FDCE71DCFFDB}"
EndProject
Global
	GlobalSection(SolutionConfigurationPlatforms) = preSolution
		Debug|Any CPU = Debug|Any CPU
		Release|Any CPU = Release|Any CPU
	EndGlobalSection
	GlobalSection(ProjectConfigurationPlatforms) = postSolution
		{A160F0AB-E567-B113-35BB-512B101F5732}.Debug|Any CPU.ActiveCfg = Debug|Any CPU
		{A160F0AB-E567-B113-35BB-512B101F5732}.Debug|Any CPU.Build.0 = Debug|Any CPU
		{A160F0AB-E567-B113-35BB-512B101F5732}.Release|Any CPU.ActiveCfg = Release|Any CPU
		{A160F0AB-E567-B113-35BB-512B101F5732}.Release|Any CPU.Build.0 = Release|Any CPU
		{195F114B-7608-E73B-6392-3A74DE32047B}.Debug|Any CPU.ActiveCfg = Debug|Any CPU
		{195F114B-7608-E73B-6392-3A74DE32047B}.Debug|Any CPU.Build.0 = Debug|Any CPU
		{195F114B-7608-E73B-6392-3A74DE32047B}.Release|Any CPU.ActiveCfg = Release|Any CPU
		{195F114B-7608-E73B-6392-3A74DE32047B}.Release|Any CPU.Build.0 = Release|Any CPU
		{8C8DB0E6-7F92-2038-E334-FDCE71DCFFDB}.Debug|Any CPU.ActiveCfg = Debug|Any CPU
		{8C8DB0E6-7F92-2038-E334-FDCE71DCFFDB}.Debug|Any CPU.Build.0 = Debug|Any CPU
		{8C8DB0E6-7F92-2038-E334-FDCE71DCFFDB}.Release|Any CPU.ActiveCfg = Release|Any CPU
		{8C8DB0E6-7F92-2038-E334-FDCE71DCFFDB}.Release|Any CPU.Build.0 = Release|Any CPU
	EndGlobalSection
	GlobalSection(SolutionProperties) = preSolution
		HideSolutionNode = FALSE
	EndGlobalSection
EndGlobal
